
Microsoft Visual Studio Solution File, Format Version 12.00
# Visual Studio Version 17
VisualStudioVersion = 17.2.32630.192
MinimumVisualStudioVersion = 10.0.40219.1
Project("{9A19103F-16F7-4668-BE54-9A1E7A4F7556}") = "NewPlatform.Flexberry.OpenXmlPowerTools.Reports", "NewPlatform.Flexberry.OpenXmlPowerTools.Reports.csproj", "{21B40111-14A7-4167-8A82-786B240F0635}"
EndProject
Global
	GlobalSection(SolutionConfigurationPlatforms) = preSolution
		Debug|Any CPU = Debug|Any CPU
		Release|Any CPU = Release|Any CPU
	EndGlobalSection
	GlobalSection(ProjectConfigurationPlatforms) = postSolution
		{21B40111-14A7-4167-8A82-786B240F0635}.Debug|Any CPU.ActiveCfg = Debug|Any CPU
		{21B40111-14A7-4167-8A82-786B240F0635}.Debug|Any CPU.Build.0 = Debug|Any CPU
		{21B40111-14A7-4167-8A82-786B240F0635}.Release|Any CPU.ActiveCfg = Release|Any CPU
		{21B40111-14A7-4167-8A82-786B240F0635}.Release|Any CPU.Build.0 = Release|Any CPU
	EndGlobalSection
	GlobalSection(SolutionProperties) = preSolution
		HideSolutionNode = FALSE
	EndGlobalSection
	GlobalSection(ExtensibilityGlobals) = postSolution
		SolutionGuid = {25C296E4-1B01-4DC0-A92A-CBD7BB6B53A2}
	EndGlobalSection
EndGlobal
